
Microsoft Visual Studio Solution File, Format Version 12.00
# Visual Studio Version 17
VisualStudioVersion = 17.9.34728.123
MinimumVisualStudioVersion = 10.0.40219.1
Project("{9A19103F-16F7-4668-BE54-9A1E7A4F7556}") = "AccountProvider", "AccountProvider\AccountProvider.csproj", "{304607F4-769F-4689-8793-8F593C4B81C1}"
EndProject
Project("{9A19103F-16F7-4668-BE54-9A1E7A4F7556}") = "Data", "Data\Data.csproj", "{C5DF2094-41CC-4BE5-B85C-9FD9EB9D9B37}"
EndProject
Global
	GlobalSection(SolutionConfigurationPlatforms) = preSolution
		Debug|Any CPU = Debug|Any CPU
		Release|Any CPU = Release|Any CPU
	EndGlobalSection
	GlobalSection(ProjectConfigurationPlatforms) = postSolution
		{304607F4-769F-4689-8793-8F593C4B81C1}.Debug|Any CPU.ActiveCfg = Debug|Any CPU
		{304607F4-769F-4689-8793-8F593C4B81C1}.Debug|Any CPU.Build.0 = Debug|Any CPU
		{304607F4-769F-4689-8793-8F593C4B81C1}.Release|Any CPU.ActiveCfg = Release|Any CPU
		{304607F4-769F-4689-8793-8F593C4B81C1}.Release|Any CPU.Build.0 = Release|Any CPU
		{C5DF2094-41CC-4BE5-B85C-9FD9EB9D9B37}.Debug|Any CPU.ActiveCfg = Debug|Any CPU
		{C5DF2094-41CC-4BE5-B85C-9FD9EB9D9B37}.Debug|Any CPU.Build.0 = Debug|Any CPU
		{C5DF2094-41CC-4BE5-B85C-9FD9EB9D9B37}.Release|Any CPU.ActiveCfg = Release|Any CPU
		{C5DF2094-41CC-4BE5-B85C-9FD9EB9D9B37}.Release|Any CPU.Build.0 = Release|Any CPU
	EndGlobalSection
	GlobalSection(SolutionProperties) = preSolution
		HideSolutionNode = FALSE
	EndGlobalSection
	GlobalSection(ExtensibilityGlobals) = postSolution
		SolutionGuid = {629E2D12-3197-4FE9-8676-F6AAD8C9E3E9}
	EndGlobalSection
EndGlobal
